
Microsoft Visual Studio Solution File, Format Version 12.00
# Visual Studio Version 16
VisualStudioVersion = 16.0.29613.14
MinimumVisualStudioVersion = 10.0.40219.1
Project("{FAE04EC0-301F-11D3-BF4B-00C04F79EFBC}") = "OnTap_1", "OnTap_1.csproj", "{01E8600C-70D1-4ADC-9CFD-780EBC0D3822}"
EndProject
Global
	GlobalSection(SolutionConfigurationPlatforms) = preSolution
		Debug|Any CPU = Debug|Any CPU
		Release|Any CPU = Release|Any CPU
	EndGlobalSection
	GlobalSection(ProjectConfigurationPlatforms) = postSolution
		{01E8600C-70D1-4ADC-9CFD-780EBC0D3822}.Debug|Any CPU.ActiveCfg = Debug|Any CPU
		{01E8600C-70D1-4ADC-9CFD-780EBC0D3822}.Debug|Any CPU.Build.0 = Debug|Any CPU
		{01E8600C-70D1-4ADC-9CFD-780EBC0D3822}.Release|Any CPU.ActiveCfg = Release|Any CPU
		{01E8600C-70D1-4ADC-9CFD-780EBC0D3822}.Release|Any CPU.Build.0 = Release|Any CPU
	EndGlobalSection
	GlobalSection(SolutionProperties) = preSolution
		HideSolutionNode = FALSE
	EndGlobalSection
	GlobalSection(ExtensibilityGlobals) = postSolution
		SolutionGuid = {3A87D873-247E-4FB3-943B-3BEFAD038E55}
	EndGlobalSection
EndGlobal
